// !$*UTF8*$!
{
	archiveVersion = 1;
	classes = {
	};
	objectVersion = 46;
	objects = {

/* Begin PBXBuildFile section */
		957894FC1D466C0600615AC4 /* AppDelegate.swift in Sources */ = {isa = PBXBuildFile; fileRef = 957894FB1D466C0600615AC4 /* AppDelegate.swift */; };
		957894FE1D466C0600615AC4 /* ViewController.swift in Sources */ = {isa = PBXBuildFile; fileRef = 957894FD1D466C0600615AC4 /* ViewController.swift */; };
		957895011D466C0600615AC4 /* Main.storyboard in Resources */ = {isa = PBXBuildFile; fileRef = 957894FF1D466C0600615AC4 /* Main.storyboard */; };
		957895031D466C0600615AC4 /* Assets.xcassets in Resources */ = {isa = PBXBuildFile; fileRef = 957895021D466C0600615AC4 /* Assets.xcassets */; };
		957895061D466C0600615AC4 /* LaunchScreen.storyboard in Resources */ = {isa = PBXBuildFile; fileRef = 957895041D466C0600615AC4 /* LaunchScreen.storyboard */; };
		9578950E1D4675BE00615AC4 /* PositionViewController.swift in Sources */ = {isa = PBXBuildFile; fileRef = 9578950D1D4675BE00615AC4 /* PositionViewController.swift */; };
		9582080C1D4A493F00A06350 /* LoginViewController.swift in Sources */ = {isa = PBXBuildFile; fileRef = 9582080B1D4A493F00A06350 /* LoginViewController.swift */; };
		95A2C8031D48EA7900B2FF35 /* RepeatViewController.swift in Sources */ = {isa = PBXBuildFile; fileRef = 95A2C8021D48EA7900B2FF35 /* RepeatViewController.swift */; };
		95A2C8051D48F23000B2FF35 /* EasingViewController.swift in Sources */ = {isa = PBXBuildFile; fileRef = 95A2C8041D48F23000B2FF35 /* EasingViewController.swift */; };
		95A2C8071D490FB400B2FF35 /* SpringViewController.swift in Sources */ = {isa = PBXBuildFile; fileRef = 95A2C8061D490FB400B2FF35 /* SpringViewController.swift */; };
		95B7847C1D479042007002D7 /* OpacityViewController.swift in Sources */ = {isa = PBXBuildFile; fileRef = 95B7847B1D479042007002D7 /* OpacityViewController.swift */; };
		95B7847E1D479450007002D7 /* ScaleViewController.swift in Sources */ = {isa = PBXBuildFile; fileRef = 95B7847D1D479450007002D7 /* ScaleViewController.swift */; };
		95B784801D4797CB007002D7 /* ColorViewController.swift in Sources */ = {isa = PBXBuildFile; fileRef = 95B7847F1D4797CB007002D7 /* ColorViewController.swift */; };
		95B784821D479DD7007002D7 /* RotationViewController.swift in Sources */ = {isa = PBXBuildFile; fileRef = 95B784811D479DD7007002D7 /* RotationViewController.swift */; };
/* End PBXBuildFile section */

/* Begin PBXFileReference section */
		957894F81D466C0600615AC4 /* LearniOSAnimation.app */ = {isa = PBXFileReference; explicitFileType = wrapper.application; includeInIndex = 0; path = LearniOSAnimation.app; sourceTree = BUILT_PRODUCTS_DIR; };
		957894FB1D466C0600615AC4 /* AppDelegate.swift */ = {isa = PBXFileReference; lastKnownFileType = sourcecode.swift; path = AppDelegate.swift; sourceTree = "<group>"; };
		957894FD1D466C0600615AC4 /* ViewController.swift */ = {isa = PBXFileReference; lastKnownFileType = sourcecode.swift; path = ViewController.swift; sourceTree = "<group>"; };
		957895001D466C0600615AC4 /* Base */ = {isa = PBXFileReference; lastKnownFileType = file.storyboard; name = Base; path = Base.lproj/Main.storyboard; sourceTree = "<group>"; };
		957895021D466C0600615AC4 /* Assets.xcassets */ = {isa = PBXFileReference; lastKnownFileType = folder.assetcatalog; path = Assets.xcassets; sourceTree = "<group>"; };
		957895051D466C0600615AC4 /* Base */ = {isa = PBXFileReference; lastKnownFileType = file.storyboard; name = Base; path = Base.lproj/LaunchScreen.storyboard; sourceTree = "<group>"; };
		957895071D466C0600615AC4 /* Info.plist */ = {isa = PBXFileReference; lastKnownFileType = text.plist.xml; path = Info.plist; sourceTree = "<group>"; };
		9578950D1D4675BE00615AC4 /* PositionViewController.swift */ = {isa = PBXFileReference; fileEncoding = 4; lastKnownFileType = sourcecode.swift; path = PositionViewController.swift; sourceTree = "<group>"; };
		9582080B1D4A493F00A06350 /* LoginViewController.swift */ = {isa = PBXFileReference; fileEncoding = 4; lastKnownFileType = sourcecode.swift; path = LoginViewController.swift; sourceTree = "<group>"; };
		95A2C8021D48EA7900B2FF35 /* RepeatViewController.swift */ = {isa = PBXFileReference; fileEncoding = 4; lastKnownFileType = sourcecode.swift; path = RepeatViewController.swift; sourceTree = "<group>"; };
		95A2C8041D48F23000B2FF35 /* EasingViewController.swift */ = {isa = PBXFileReference; fileEncoding = 4; lastKnownFileType = sourcecode.swift; path = EasingViewController.swift; sourceTree = "<group>"; };
		95A2C8061D490FB400B2FF35 /* SpringViewController.swift */ = {isa = PBXFileReference; fileEncoding = 4; lastKnownFileType = sourcecode.swift; path = SpringViewController.swift; sourceTree = "<group>"; };
		95B7847B1D479042007002D7 /* OpacityViewController.swift */ = {isa = PBXFileReference; fileEncoding = 4; lastKnownFileType = sourcecode.swift; path = OpacityViewController.swift; sourceTree = "<group>"; };
		95B7847D1D479450007002D7 /* ScaleViewController.swift */ = {isa = PBXFileReference; fileEncoding = 4; lastKnownFileType = sourcecode.swift; path = ScaleViewController.swift; sourceTree = "<group>"; };
		95B7847F1D4797CB007002D7 /* ColorViewController.swift */ = {isa = PBXFileReference; fileEncoding = 4; lastKnownFileType = sourcecode.swift; path = ColorViewController.swift; sourceTree = "<group>"; };
		95B784811D479DD7007002D7 /* RotationViewController.swift */ = {isa = PBXFileReference; fileEncoding = 4; lastKnownFileType = sourcecode.swift; path = RotationViewController.swift; sourceTree = "<group>"; };
/* End PBXFileReference section */

/* Begin PBXFrameworksBuildPhase section */
		957894F51D466C0600615AC4 /* Frameworks */ = {
			isa = PBXFrameworksBuildPhase;
			buildActionMask = 2147483647;
			files = (
			);
			runOnlyForDeploymentPostprocessing = 0;
		};
/* End PBXFrameworksBuildPhase section */

/* Begin PBXGroup section */
		957894EF1D466C0600615AC4 = {
			isa = PBXGroup;
			children = (
				957894FA1D466C0600615AC4 /* LearniOSAnimation */,
				957894F91D466C0600615AC4 /* Products */,
			);
			sourceTree = "<group>";
		};
		957894F91D466C0600615AC4 /* Products */ = {
			isa = PBXGroup;
			children = (
				957894F81D466C0600615AC4 /* LearniOSAnimation.app */,
			);
			name = Products;
			sourceTree = "<group>";
		};
		957894FA1D466C0600615AC4 /* LearniOSAnimation */ = {
			isa = PBXGroup;
			children = (
				957894FB1D466C0600615AC4 /* AppDelegate.swift */,
				957894FD1D466C0600615AC4 /* ViewController.swift */,
				9578950D1D4675BE00615AC4 /* PositionViewController.swift */,
				95B7847B1D479042007002D7 /* OpacityViewController.swift */,
				95B7847D1D479450007002D7 /* ScaleViewController.swift */,
				95B7847F1D4797CB007002D7 /* ColorViewController.swift */,
				95B784811D479DD7007002D7 /* RotationViewController.swift */,
				95A2C8021D48EA7900B2FF35 /* RepeatViewController.swift */,
				95A2C8041D48F23000B2FF35 /* EasingViewController.swift */,
				95A2C8061D490FB400B2FF35 /* SpringViewController.swift */,
				9582080B1D4A493F00A06350 /* LoginViewController.swift */,
				957894FF1D466C0600615AC4 /* Main.storyboard */,
				957895021D466C0600615AC4 /* Assets.xcassets */,
				957895041D466C0600615AC4 /* LaunchScreen.storyboard */,
				957895071D466C0600615AC4 /* Info.plist */,
			);
			path = LearniOSAnimation;
			sourceTree = "<group>";
		};
/* End PBXGroup section */

/* Begin PBXNativeTarget section */
		957894F71D466C0600615AC4 /* LearniOSAnimation */ = {
			isa = PBXNativeTarget;
			buildConfigurationList = 9578950A1D466C0600615AC4 /* Build configuration list for PBXNativeTarget "LearniOSAnimation" */;
			buildPhases = (
				957894F41D466C0600615AC4 /* Sources */,
				957894F51D466C0600615AC4 /* Frameworks */,
				957894F61D466C0600615AC4 /* Resources */,
			);
			buildRules = (
			);
			dependencies = (
			);
			name = LearniOSAnimation;
			productName = LearniOSAnimation;
			productReference = 957894F81D466C0600615AC4 /* LearniOSAnimation.app */;
			productType = "com.apple.product-type.application";
		};
/* End PBXNativeTarget section */

/* Begin PBXProject section */
		957894F01D466C0600615AC4 /* Project object */ = {
			isa = PBXProject;
			attributes = {
				LastSwiftUpdateCheck = 0730;
				LastUpgradeCheck = 0730;
				ORGANIZATIONNAME = worm;
				TargetAttributes = {
					957894F71D466C0600615AC4 = {
						CreatedOnToolsVersion = 7.3.1;
					};
				};
			};
			buildConfigurationList = 957894F31D466C0600615AC4 /* Build configuration list for PBXProject "LearniOSAnimation" */;
			compatibilityVersion = "Xcode 3.2";
			developmentRegion = English;
			hasScannedForEncodings = 0;
			knownRegions = (
				en,
				Base,
			);
			mainGroup = 957894EF1D466C0600615AC4;
			productRefGroup = 957894F91D466C0600615AC4 /* Products */;
			projectDirPath = "";
			projectRoot = "";
			targets = (
				957894F71D466C0600615AC4 /* LearniOSAnimation */,
			);
		};
/* End PBXProject section */

/* Begin PBXResourcesBuildPhase section */
		957894F61D466C0600615AC4 /* Resources */ = {
			isa = PBXResourcesBuildPhase;
			buildActionMask = 2147483647;
			files = (
				957895061D466C0600615AC4 /* LaunchScreen.storyboard in Resources */,
				957895031D466C0600615AC4 /* Assets.xcassets in Resources */,
				957895011D466C0600615AC4 /* Main.storyboard in Resources */,
			);
			runOnlyForDeploymentPostprocessing = 0;
		};
/* End PBXResourcesBuildPhase section */

/* Begin PBXSourcesBuildPhase section */
		957894F41D466C0600615AC4 /* Sources */ = {
			isa = PBXSourcesBuildPhase;
			buildActionMask = 2147483647;
			files = (
				9578950E1D4675BE00615AC4 /* PositionViewController.swift in Sources */,
				95B7847E1D479450007002D7 /* ScaleViewController.swift in Sources */,
				95A2C8051D48F23000B2FF35 /* EasingViewController.swift in Sources */,
				95A2C8071D490FB400B2FF35 /* SpringViewController.swift in Sources */,
				957894FE1D466C0600615AC4 /* ViewController.swift in Sources */,
				95B7847C1D479042007002D7 /* OpacityViewController.swift in Sources */,
				95B784821D479DD7007002D7 /* RotationViewController.swift in Sources */,
				95A2C8031D48EA7900B2FF35 /* RepeatViewController.swift in Sources */,
				95B784801D4797CB007002D7 /* ColorViewController.swift in Sources */,
				957894FC1D466C0600615AC4 /* AppDelegate.swift in Sources */,
				9582080C1D4A493F00A06350 /* LoginViewController.swift in Sources */,
			);
			runOnlyForDeploymentPostprocessing = 0;
		};
/* End PBXSourcesBuildPhase section */

/* Begin PBXVariantGroup section */
		957894FF1D466C0600615AC4 /* Main.storyboard */ = {
			isa = PBXVariantGroup;
			children = (
				957895001D466C0600615AC4 /* Base */,
			);
			name = Main.storyboard;
			sourceTree = "<group>";
		};
		957895041D466C0600615AC4 /* LaunchScreen.storyboard */ = {
			isa = PBXVariantGroup;
			children = (
				957895051D466C0600615AC4 /* Base */,
			);
			name = LaunchScreen.storyboard;
			sourceTree = "<group>";
		};
/* End PBXVariantGroup section */

/* Begin XCBuildConfiguration section */
		957895081D466C0600615AC4 /* Debug */ = {
			isa = XCBuildConfiguration;
			buildSettings = {
				ALWAYS_SEARCH_USER_PATHS = NO;
				CLANG_ANALYZER_NONNULL = YES;
				CLANG_CXX_LANGUAGE_STANDARD = "gnu++0x";
				CLANG_CXX_LIBRARY = "libc++";
				CLANG_ENABLE_MODULES = YES;
				CLANG_ENABLE_OBJC_ARC = YES;
				CLANG_WARN_BOOL_CONVERSION = YES;
				CLANG_WARN_CONSTANT_CONVERSION = YES;
				CLANG_WARN_DIRECT_OBJC_ISA_USAGE = YES_ERROR;
				CLANG_WARN_EMPTY_BODY = YES;
				CLANG_WARN_ENUM_CONVERSION = YES;
				CLANG_WARN_INT_CONVERSION = YES;
				CLANG_WARN_OBJC_ROOT_CLASS = YES_ERROR;
				CLANG_WARN_UNREACHABLE_CODE = YES;
				CLANG_WARN__DUPLICATE_METHOD_MATCH = YES;
				"CODE_SIGN_IDENTITY[sdk=iphoneos*]" = "iPhone Developer";
				COPY_PHASE_STRIP = NO;
				DEBUG_INFORMATION_FORMAT = dwarf;
				ENABLE_STRICT_OBJC_MSGSEND = YES;
				ENABLE_TESTABILITY = YES;
				GCC_C_LANGUAGE_STANDARD = gnu99;
				GCC_DYNAMIC_NO_PIC = NO;
				GCC_NO_COMMON_BLOCKS = YES;
				GCC_OPTIMIZATION_LEVEL = 0;
				GCC_PREPROCESSOR_DEFINITIONS = (
					"DEBUG=1",
					"$(inherited)",
				);
				GCC_WARN_64_TO_32_BIT_CONVERSION = YES;
				GCC_WARN_ABOUT_RETURN_TYPE = YES_ERROR;
				GCC_WARN_UNDECLARED_SELECTOR = YES;
				GCC_WARN_UNINITIALIZED_AUTOS = YES_AGGRESSIVE;
				GCC_WARN_UNUSED_FUNCTION = YES;
				GCC_WARN_UNUSED_VARIABLE = YES;
				IPHONEOS_DEPLOYMENT_TARGET = 9.3;
				MTL_ENABLE_DEBUG_INFO = YES;
				ONLY_ACTIVE_ARCH = YES;
				SDKROOT = iphoneos;
				SWIFT_OPTIMIZATION_LEVEL = "-Onone";
			};
			name = Debug;
		};
		957895091D466C0600615AC4 /* Release */ = {
			isa = XCBuildConfiguration;
			buildSettings = {
				ALWAYS_SEARCH_USER_PATHS = NO;
				CLANG_ANALYZER_NONNULL = YES;
				CLANG_CXX_LANGUAGE_STANDARD = "gnu++0x";
				CLANG_CXX_LIBRARY = "libc++";
				CLANG_ENABLE_MODULES = YES;
				CLANG_ENABLE_OBJC_ARC = YES;
				CLANG_WARN_BOOL_CONVERSION = YES;
				CLANG_WARN_CONSTANT_CONVERSION = YES;
				CLANG_WARN_DIRECT_OBJC_ISA_USAGE = YES_ERROR;
				CLANG_WARN_EMPTY_BODY = YES;
				CLANG_WARN_ENUM_CONVERSION = YES;
				CLANG_WARN_INT_CONVERSION = YES;
				CLANG_WARN_OBJC_ROOT_CLASS = YES_ERROR;
				CLANG_WARN_UNREACHABLE_CODE = YES;
				CLANG_WARN__DUPLICATE_METHOD_MATCH = YES;
				"CODE_SIGN_IDENTITY[sdk=iphoneos*]" = "iPhone Developer";
				COPY_PHASE_STRIP = NO;
				DEBUG_INFORMATION_FORMAT = "dwarf-with-dsym";
				ENABLE_NS_ASSERTIONS = NO;
				ENABLE_STRICT_OBJC_MSGSEND = YES;
				GCC_C_LANGUAGE_STANDARD = gnu99;
				GCC_NO_COMMON_BLOCKS = YES;
				GCC_WARN_64_TO_32_BIT_CONVERSION = YES;
				GCC_WARN_ABOUT_RETURN_TYPE = YES_ERROR;
				GCC_WARN_UNDECLARED_SELECTOR = YES;
				GCC_WARN_UNINITIALIZED_AUTOS = YES_AGGRESSIVE;
				GCC_WARN_UNUSED_FUNCTION = YES;
				GCC_WARN_UNUSED_VARIABLE = YES;
				IPHONEOS_DEPLOYMENT_TARGET = 9.3;
				MTL_ENABLE_DEBUG_INFO = NO;
				SDKROOT = iphoneos;
				VALIDATE_PRODUCT = YES;
			};
			name = Release;
		};
		9578950B1D466C0600615AC4 /* Debug */ = {
			isa = XCBuildConfiguration;
			buildSettings = {
				ASSETCATALOG_COMPILER_APPICON_NAME = AppIcon;
				INFOPLIST_FILE = LearniOSAnimation/Info.plist;
				LD_RUNPATH_SEARCH_PATHS = "$(inherited) @executable_path/Frameworks";
				PRODUCT_BUNDLE_IDENTIFIER = cn.worm.LearniOSAnimation;
				PRODUCT_NAME = "$(TARGET_NAME)";
			};
			name = Debug;
		};
		9578950C1D466C0600615AC4 /* Release */ = {
			isa = XCBuildConfiguration;
			buildSettings = {
				ASSETCATALOG_COMPILER_APPICON_NAME = AppIcon;
				INFOPLIST_FILE = LearniOSAnimation/Info.plist;
				LD_RUNPATH_SEARCH_PATHS = "$(inherited) @executable_path/Frameworks";
				PRODUCT_BUNDLE_IDENTIFIER = cn.worm.LearniOSAnimation;
				PRODUCT_NAME = "$(TARGET_NAME)";
			};
			name = Release;
		};
/* End XCBuildConfiguration section */

/* Begin XCConfigurationList section */
		957894F31D466C0600615AC4 /* Build configuration list for PBXProject "LearniOSAnimation" */ = {
			isa = XCConfigurationList;
			buildConfigurations = (
				957895081D466C0600615AC4 /* Debug */,
				957895091D466C0600615AC4 /* Release */,
			);
			defaultConfigurationIsVisible = 0;
			defaultConfigurationName = Release;
		};
		9578950A1D466C0600615AC4 /* Build configuration list for PBXNativeTarget "LearniOSAnimation" */ = {
			isa = XCConfigurationList;
			buildConfigurations = (
				9578950B1D466C0600615AC4 /* Debug */,
				9578950C1D466C0600615AC4 /* Release */,
			);
			defaultConfigurationIsVisible = 0;
			defaultConfigurationName = Release;
		};
/* End XCConfigurationList section */
	};
	rootObject = 957894F01D466C0600615AC4 /* Project object */;
}
